
Microsoft Visual Studio Solution File, Format Version 12.00
# Visual Studio Version 17
VisualStudioVersion = 17.6.33815.320
MinimumVisualStudioVersion = 10.0.40219.1
Project("{9A19103F-16F7-4668-BE54-9A1E7A4F7556}") = "module_8_task_1", "module_8_task_1\module_8_task_1.csproj", "{E7E944BF-179D-42FF-9236-8B7D3343ACAA}"
EndProject
Project("{9A19103F-16F7-4668-BE54-9A1E7A4F7556}") = "module_8_task_2", "module_8_task_2\module_8_task_2.csproj", "{DD31A9FD-CC09-43DC-946A-049D9E87436D}"
	ProjectSection(ProjectDependencies) = postProject
		{E7E944BF-179D-42FF-9236-8B7D3343ACAA} = {E7E944BF-179D-42FF-9236-8B7D3343ACAA}
	EndProjectSection
EndProject
Project("{2150E333-8FDC-42A3-9474-1A3956D46DE8}") = "Элементы решения", "Элементы решения", "{9AC7D05D-258B-45EA-8472-6CCE7B35823B}"
	ProjectSection(SolutionItems) = preProject
		PathAndInsidesChecker.cs = PathAndInsidesChecker.cs
	EndProjectSection
EndProject
Project("{9A19103F-16F7-4668-BE54-9A1E7A4F7556}") = "module_8_task_3", "module_8_task_3\module_8_task_3.csproj", "{E9573549-C4E5-48B6-BCDD-9212D67A5D49}"
EndProject
Project("{9A19103F-16F7-4668-BE54-9A1E7A4F7556}") = "module_8_task_4", "module_8_task_4\module_8_task_4.csproj", "{89C9855C-12E7-47E7-8B38-FAAEBF627983}"
EndProject
Project("{9A19103F-16F7-4668-BE54-9A1E7A4F7556}") = "ClassLibrary1", "ClassLibrary1\ClassLibrary1.csproj", "{1F624EE9-8092-4A56-B194-AF9281C755C9}"
EndProject
Global
	GlobalSection(SolutionConfigurationPlatforms) = preSolution
		Debug|Any CPU = Debug|Any CPU
		Debug|x86 = Debug|x86
		Release|Any CPU = Release|Any CPU
		Release|x86 = Release|x86
	EndGlobalSection
	GlobalSection(ProjectConfigurationPlatforms) = postSolution
		{E7E944BF-179D-42FF-9236-8B7D3343ACAA}.Debug|Any CPU.ActiveCfg = Debug|Any CPU
		{E7E944BF-179D-42FF-9236-8B7D3343ACAA}.Debug|Any CPU.Build.0 = Debug|Any CPU
		{E7E944BF-179D-42FF-9236-8B7D3343ACAA}.Debug|x86.ActiveCfg = Debug|Any CPU
		{E7E944BF-179D-42FF-9236-8B7D3343ACAA}.Debug|x86.Build.0 = Debug|Any CPU
		{E7E944BF-179D-42FF-9236-8B7D3343ACAA}.Release|Any CPU.ActiveCfg = Release|Any CPU
		{E7E944BF-179D-42FF-9236-8B7D3343ACAA}.Release|Any CPU.Build.0 = Release|Any CPU
		{E7E944BF-179D-42FF-9236-8B7D3343ACAA}.Release|x86.ActiveCfg = Release|Any CPU
		{E7E944BF-179D-42FF-9236-8B7D3343ACAA}.Release|x86.Build.0 = Release|Any CPU
		{DD31A9FD-CC09-43DC-946A-049D9E87436D}.Debug|Any CPU.ActiveCfg = Debug|Any CPU
		{DD31A9FD-CC09-43DC-946A-049D9E87436D}.Debug|Any CPU.Build.0 = Debug|Any CPU
		{DD31A9FD-CC09-43DC-946A-049D9E87436D}.Debug|x86.ActiveCfg = Debug|Any CPU
		{DD31A9FD-CC09-43DC-946A-049D9E87436D}.Debug|x86.Build.0 = Debug|Any CPU
		{DD31A9FD-CC09-43DC-946A-049D9E87436D}.Release|Any CPU.ActiveCfg = Release|Any CPU
		{DD31A9FD-CC09-43DC-946A-049D9E87436D}.Release|Any CPU.Build.0 = Release|Any CPU
		{DD31A9FD-CC09-43DC-946A-049D9E87436D}.Release|x86.ActiveCfg = Release|Any CPU
		{DD31A9FD-CC09-43DC-946A-049D9E87436D}.Release|x86.Build.0 = Release|Any CPU
		{E9573549-C4E5-48B6-BCDD-9212D67A5D49}.Debug|Any CPU.ActiveCfg = Release|Any CPU
		{E9573549-C4E5-48B6-BCDD-9212D67A5D49}.Debug|Any CPU.Build.0 = Release|Any CPU
		{E9573549-C4E5-48B6-BCDD-9212D67A5D49}.Debug|x86.ActiveCfg = Debug|x86
		{E9573549-C4E5-48B6-BCDD-9212D67A5D49}.Debug|x86.Build.0 = Debug|x86
		{E9573549-C4E5-48B6-BCDD-9212D67A5D49}.Release|Any CPU.ActiveCfg = Release|Any CPU
		{E9573549-C4E5-48B6-BCDD-9212D67A5D49}.Release|Any CPU.Build.0 = Release|Any CPU
		{E9573549-C4E5-48B6-BCDD-9212D67A5D49}.Release|x86.ActiveCfg = Release|x86
		{E9573549-C4E5-48B6-BCDD-9212D67A5D49}.Release|x86.Build.0 = Release|x86
		{89C9855C-12E7-47E7-8B38-FAAEBF627983}.Debug|Any CPU.ActiveCfg = Debug|Any CPU
		{89C9855C-12E7-47E7-8B38-FAAEBF627983}.Debug|Any CPU.Build.0 = Debug|Any CPU
		{89C9855C-12E7-47E7-8B38-FAAEBF627983}.Debug|x86.ActiveCfg = Debug|Any CPU
		{89C9855C-12E7-47E7-8B38-FAAEBF627983}.Debug|x86.Build.0 = Debug|Any CPU
		{89C9855C-12E7-47E7-8B38-FAAEBF627983}.Release|Any CPU.ActiveCfg = Release|Any CPU
		{89C9855C-12E7-47E7-8B38-FAAEBF627983}.Release|Any CPU.Build.0 = Release|Any CPU
		{89C9855C-12E7-47E7-8B38-FAAEBF627983}.Release|x86.ActiveCfg = Release|Any CPU
		{89C9855C-12E7-47E7-8B38-FAAEBF627983}.Release|x86.Build.0 = Release|Any CPU
		{1F624EE9-8092-4A56-B194-AF9281C755C9}.Debug|Any CPU.ActiveCfg = Debug|Any CPU
		{1F624EE9-8092-4A56-B194-AF9281C755C9}.Debug|Any CPU.Build.0 = Debug|Any CPU
		{1F624EE9-8092-4A56-B194-AF9281C755C9}.Debug|x86.ActiveCfg = Debug|Any CPU
		{1F624EE9-8092-4A56-B194-AF9281C755C9}.Debug|x86.Build.0 = Debug|Any CPU
		{1F624EE9-8092-4A56-B194-AF9281C755C9}.Release|Any CPU.ActiveCfg = Release|Any CPU
		{1F624EE9-8092-4A56-B194-AF9281C755C9}.Release|Any CPU.Build.0 = Release|Any CPU
		{1F624EE9-8092-4A56-B194-AF9281C755C9}.Release|x86.ActiveCfg = Release|Any CPU
		{1F624EE9-8092-4A56-B194-AF9281C755C9}.Release|x86.Build.0 = Release|Any CPU
	EndGlobalSection
	GlobalSection(SolutionProperties) = preSolution
		HideSolutionNode = FALSE
	EndGlobalSection
	GlobalSection(ExtensibilityGlobals) = postSolution
		SolutionGuid = {9059E938-659A-47CE-8180-127779F1A0FF}
	EndGlobalSection
EndGlobal
